{
  "nodes": {
    "himmelblau": {
      "inputs": {
        "nixpkgs": [
          "nixpkgs"
        ]
      },
      "locked": {
        "lastModified": 1778779863,
        "narHash": "sha256-SeYksdQTlSS0CAftGT+V7q9Zps51YeCMekyP6GUTUzI=",
        "owner": "himmelblau-idm",
        "repo": "himmelblau",
        "rev": "b3c48849cc7b468e33b9e44bb1a1210e49e1391f",
        "type": "github"
      },
      "original": {
        "owner": "himmelblau-idm",
        "repo": "himmelblau",
        "rev": "b3c48849cc7b468e33b9e44bb1a1210e49e1391f",
        "type": "github"
      }
    },
    "nixpkgs": {
      "locked": {
        "lastModified": 1778869304,
        "narHash": "sha256-30sZNZoA1cqF5JNO9fVX+wgiQYjB7HJqqJ4ztCDeBZE=",
        "owner": "NixOS",
        "repo": "nixpkgs",
        "rev": "d233902339c02a9c334e7e593de68855ad26c4cb",
        "type": "github"
      },
      "original": {
        "owner": "NixOS",
        "ref": "nixos-unstable",
        "repo": "nixpkgs",
        "type": "github"
      }
    },
    "root": {
      "inputs": {
        "himmelblau": "himmelblau",
        "nixpkgs": "nixpkgs"
      }
    }
  },
  "root": "root",
  "version": 7
}
